// !$*UTF8*$!
{
	archiveVersion = 1;
	classes = {
	};
	objectVersion = 55;
	objects = {

/* Begin PBXBuildFile section */
		1134FF66754E0FCFE21D7FA0 /* Pods_term_project_1971144_sjchoiTests.framework in Frameworks */ = {isa = PBXBuildFile; fileRef = B7F1043CE61FE7DDF82957C3 /* Pods_term_project_1971144_sjchoiTests.framework */; };
		277CA00610574D718B43E357 /* Pods_term_project_1971144_sjchoi_term_project_1971144_sjchoiUITests.framework in Frameworks */ = {isa = PBXBuildFile; fileRef = F8D6888B36A3C179CF47CAEB /* Pods_term_project_1971144_sjchoi_term_project_1971144_sjchoiUITests.framework */; };
		7409F8C41F07959B99DC36F9 /* Pods_term_project_1971144_sjchoi.framework in Frameworks */ = {isa = PBXBuildFile; fileRef = E090CF0DE5AF2FD71BAAD1C8 /* Pods_term_project_1971144_sjchoi.framework */; };
		F5320D112834B361009624EA /* FieldViewController.swift in Sources */ = {isa = PBXBuildFile; fileRef = F5320D102834B361009624EA /* FieldViewController.swift */; };
		F5320D132834B497009624EA /* PostField.swift in Sources */ = {isa = PBXBuildFile; fileRef = F5320D122834B497009624EA /* PostField.swift */; };
		F5320D152834B8C3009624EA /* PostFieldGroup.swift in Sources */ = {isa = PBXBuildFile; fileRef = F5320D142834B8C3009624EA /* PostFieldGroup.swift */; };
		F54EC1AC283BACBB003EF40E /* GoogleService-Info.plist in Resources */ = {isa = PBXBuildFile; fileRef = F54EC1AB283BACBB003EF40E /* GoogleService-Info.plist */; };
		F5599AF9283DE5B700DC7B0A /* Authentication.storyboard in Resources */ = {isa = PBXBuildFile; fileRef = F5599AF8283DE5B700DC7B0A /* Authentication.storyboard */; };
		F5599AFB283DE89500DC7B0A /* AuthenticationViewController.swift in Sources */ = {isa = PBXBuildFile; fileRef = F5599AFA283DE89500DC7B0A /* AuthenticationViewController.swift */; };
		F5599AFD283DED1D00DC7B0A /* User.swift in Sources */ = {isa = PBXBuildFile; fileRef = F5599AFC283DED1D00DC7B0A /* User.swift */; };
		F5599AFF283E05DE00DC7B0A /* SignUpViewController.swift in Sources */ = {isa = PBXBuildFile; fileRef = F5599AFE283E05DE00DC7B0A /* SignUpViewController.swift */; };
		F5599B01283E0E5D00DC7B0A /* MyPageViewController.swift in Sources */ = {isa = PBXBuildFile; fileRef = F5599B00283E0E5D00DC7B0A /* MyPageViewController.swift */; };
		F5599B03283E130700DC7B0A /* UserDbFirebase.swift in Sources */ = {isa = PBXBuildFile; fileRef = F5599B02283E130700DC7B0A /* UserDbFirebase.swift */; };
		F57B357A283D0B5D00FDBE48 /* PostDbFirebase.swift in Sources */ = {isa = PBXBuildFile; fileRef = F57B3579283D0B5D00FDBE48 /* PostDbFirebase.swift */; };
		F57B357C283D12C400FDBE48 /* AddPostViewController.swift in Sources */ = {isa = PBXBuildFile; fileRef = F57B357B283D12C400FDBE48 /* AddPostViewController.swift */; };
		F57B357E283D378800FDBE48 /* MakeFieldViewController.swift in Sources */ = {isa = PBXBuildFile; fileRef = F57B357D283D378800FDBE48 /* MakeFieldViewController.swift */; };
		F57B3580283D426300FDBE48 /* AddFieldViewController.swift in Sources */ = {isa = PBXBuildFile; fileRef = F57B357F283D426300FDBE48 /* AddFieldViewController.swift */; };
		F57B3582283D49B900FDBE48 /* PostFieldFirebase.swift in Sources */ = {isa = PBXBuildFile; fileRef = F57B3581283D49B900FDBE48 /* PostFieldFirebase.swift */; };
		F588303F283BFF2B00AC92A0 /* Comment.swift in Sources */ = {isa = PBXBuildFile; fileRef = F588303E283BFF2B00AC92A0 /* Comment.swift */; };
		F5C605502832130700A87286 /* AppDelegate.swift in Sources */ = {isa = PBXBuildFile; fileRef = F5C6054F2832130700A87286 /* AppDelegate.swift */; };
		F5C605522832130700A87286 /* SceneDelegate.swift in Sources */ = {isa = PBXBuildFile; fileRef = F5C605512832130700A87286 /* SceneDelegate.swift */; };
		F5C605542832130700A87286 /* ViewController.swift in Sources */ = {isa = PBXBuildFile; fileRef = F5C605532832130700A87286 /* ViewController.swift */; };
		F5C605572832130700A87286 /* Main.storyboard in Resources */ = {isa = PBXBuildFile; fileRef = F5C605552832130700A87286 /* Main.storyboard */; };
		F5C605592832130A00A87286 /* Assets.xcassets in Resources */ = {isa = PBXBuildFile; fileRef = F5C605582832130A00A87286 /* Assets.xcassets */; };
		F5C6055C2832130A00A87286 /* LaunchScreen.storyboard in Resources */ = {isa = PBXBuildFile; fileRef = F5C6055A2832130A00A87286 /* LaunchScreen.storyboard */; };
		F5C605672832130B00A87286 /* term_project_1971144_sjchoiTests.swift in Sources */ = {isa = PBXBuildFile; fileRef = F5C605662832130B00A87286 /* term_project_1971144_sjchoiTests.swift */; };
		F5C605712832130B00A87286 /* term_project_1971144_sjchoiUITests.swift in Sources */ = {isa = PBXBuildFile; fileRef = F5C605702832130B00A87286 /* term_project_1971144_sjchoiUITests.swift */; };
		F5C605732832130B00A87286 /* term_project_1971144_sjchoiUITestsLaunchTests.swift in Sources */ = {isa = PBXBuildFile; fileRef = F5C605722832130B00A87286 /* term_project_1971144_sjchoiUITestsLaunchTests.swift */; };
		F5C605802832132F00A87286 /* Post.swift in Sources */ = {isa = PBXBuildFile; fileRef = F5C6057F2832132F00A87286 /* Post.swift */; };
		F5C605822832153B00A87286 /* PostGroup.swift in Sources */ = {isa = PBXBuildFile; fileRef = F5C605812832153B00A87286 /* PostGroup.swift */; };
		F5C605842832155800A87286 /* Database.swift in Sources */ = {isa = PBXBuildFile; fileRef = F5C605832832155800A87286 /* Database.swift */; };
		F5C605862832158E00A87286 /* DbMemory.swift in Sources */ = {isa = PBXBuildFile; fileRef = F5C605852832158E00A87286 /* DbMemory.swift */; };
		F5C60588283216ED00A87286 /* ExtendedDate.swift in Sources */ = {isa = PBXBuildFile; fileRef = F5C60587283216ED00A87286 /* ExtendedDate.swift */; };
		F5C6058A283217E900A87286 /* PostGroupViewController.swift in Sources */ = {isa = PBXBuildFile; fileRef = F5C60589283217E900A87286 /* PostGroupViewController.swift */; };
		F5C6058C28322F7500A87286 /* PostDetailViewController.swift in Sources */ = {isa = PBXBuildFile; fileRef = F5C6058B28322F7500A87286 /* PostDetailViewController.swift */; };
/* End PBXBuildFile section */

/* Begin PBXContainerItemProxy section */
		F5C605632832130B00A87286 /* PBXContainerItemProxy */ = {
			isa = PBXContainerItemProxy;
			containerPortal = F5C605442832130700A87286 /* Project object */;
			proxyType = 1;
			remoteGlobalIDString = F5C6054B2832130700A87286;
			remoteInfo = "term-project-1971144-sjchoi";
		};
		F5C6056D2832130B00A87286 /* PBXContainerItemProxy */ = {
			isa = PBXContainerItemProxy;
			containerPortal = F5C605442832130700A87286 /* Project object */;
			proxyType = 1;
			remoteGlobalIDString = F5C6054B2832130700A87286;
			remoteInfo = "term-project-1971144-sjchoi";
		};
/* End PBXContainerItemProxy section */

/* Begin PBXFileReference section */
		2F8E92ED6864F4C44CA99368 /* Pods-term-project-1971144-sjchoiTests.debug.xcconfig */ = {isa = PBXFileReference; includeInIndex = 1; lastKnownFileType = text.xcconfig; name = "Pods-term-project-1971144-sjchoiTests.debug.xcconfig"; path = "Target Support Files/Pods-term-project-1971144-sjchoiTests/Pods-term-project-1971144-sjchoiTests.debug.xcconfig"; sourceTree = "<group>"; };
		3A11EE1CBDAD0B4F3B399754 /* Pods-term-project-1971144-sjchoi.debug.xcconfig */ = {isa = PBXFileReference; includeInIndex = 1; lastKnownFileType = text.xcconfig; name = "Pods-term-project-1971144-sjchoi.debug.xcconfig"; path = "Target Support Files/Pods-term-project-1971144-sjchoi/Pods-term-project-1971144-sjchoi.debug.xcconfig"; sourceTree = "<group>"; };
		3CC4C99D231668E63F75F0E3 /* Pods-term-project-1971144-sjchoiTests.release.xcconfig */ = {isa = PBXFileReference; includeInIndex = 1; lastKnownFileType = text.xcconfig; name = "Pods-term-project-1971144-sjchoiTests.release.xcconfig"; path = "Target Support Files/Pods-term-project-1971144-sjchoiTests/Pods-term-project-1971144-sjchoiTests.release.xcconfig"; sourceTree = "<group>"; };
		56FA5530FA33CF6F33F1587E /* Pods-term-project-1971144-sjchoi-term-project-1971144-sjchoiUITests.release.xcconfig */ = {isa = PBXFileReference; includeInIndex = 1; lastKnownFileType = text.xcconfig; name = "Pods-term-project-1971144-sjchoi-term-project-1971144-sjchoiUITests.release.xcconfig"; path = "Target Support Files/Pods-term-project-1971144-sjchoi-term-project-1971144-sjchoiUITests/Pods-term-project-1971144-sjchoi-term-project-1971144-sjchoiUITests.release.xcconfig"; sourceTree = "<group>"; };
		86803C4B929091B45FE51584 /* Pods-term-project-1971144-sjchoi.release.xcconfig */ = {isa = PBXFileReference; includeInIndex = 1; lastKnownFileType = text.xcconfig; name = "Pods-term-project-1971144-sjchoi.release.xcconfig"; path = "Target Support Files/Pods-term-project-1971144-sjchoi/Pods-term-project-1971144-sjchoi.release.xcconfig"; sourceTree = "<group>"; };
		8D614B0B05BDAA9859C5E883 /* Pods-term-project-1971144-sjchoi-term-project-1971144-sjchoiUITests.debug.xcconfig */ = {isa = PBXFileReference; includeInIndex = 1; lastKnownFileType = text.xcconfig; name = "Pods-term-project-1971144-sjchoi-term-project-1971144-sjchoiUITests.debug.xcconfig"; path = "Target Support Files/Pods-term-project-1971144-sjchoi-term-project-1971144-sjchoiUITests/Pods-term-project-1971144-sjchoi-term-project-1971144-sjchoiUITests.debug.xcconfig"; sourceTree = "<group>"; };
		B7F1043CE61FE7DDF82957C3 /* Pods_term_project_1971144_sjchoiTests.framework */ = {isa = PBXFileReference; explicitFileType = wrapper.framework; includeInIndex = 0; path = Pods_term_project_1971144_sjchoiTests.framework; sourceTree = BUILT_PRODUCTS_DIR; };
		E090CF0DE5AF2FD71BAAD1C8 /* Pods_term_project_1971144_sjchoi.framework */ = {isa = PBXFileReference; explicitFileType = wrapper.framework; includeInIndex = 0; path = Pods_term_project_1971144_sjchoi.framework; sourceTree = BUILT_PRODUCTS_DIR; };
		F5320D102834B361009624EA /* FieldViewController.swift */ = {isa = PBXFileReference; lastKnownFileType = sourcecode.swift; path = FieldViewController.swift; sourceTree = "<group>"; };
		F5320D122834B497009624EA /* PostField.swift */ = {isa = PBXFileReference; lastKnownFileType = sourcecode.swift; path = PostField.swift; sourceTree = "<group>"; };
		F5320D142834B8C3009624EA /* PostFieldGroup.swift */ = {isa = PBXFileReference; lastKnownFileType = sourcecode.swift; path = PostFieldGroup.swift; sourceTree = "<group>"; };
		F54EC1AB283BACBB003EF40E /* GoogleService-Info.plist */ = {isa = PBXFileReference; fileEncoding = 4; lastKnownFileType = text.plist.xml; path = "GoogleService-Info.plist"; sourceTree = "<group>"; };
		F5599AF8283DE5B700DC7B0A /* Authentication.storyboard */ = {isa = PBXFileReference; lastKnownFileType = file.storyboard; path = Authentication.storyboard; sourceTree = "<group>"; };
		F5599AFA283DE89500DC7B0A /* AuthenticationViewController.swift */ = {isa = PBXFileReference; lastKnownFileType = sourcecode.swift; path = AuthenticationViewController.swift; sourceTree = "<group>"; };
		F5599AFC283DED1D00DC7B0A /* User.swift */ = {isa = PBXFileReference; lastKnownFileType = sourcecode.swift; path = User.swift; sourceTree = "<group>"; };
		F5599AFE283E05DE00DC7B0A /* SignUpViewController.swift */ = {isa = PBXFileReference; lastKnownFileType = sourcecode.swift; path = SignUpViewController.swift; sourceTree = "<group>"; };
		F5599B00283E0E5D00DC7B0A /* MyPageViewController.swift */ = {isa = PBXFileReference; lastKnownFileType = sourcecode.swift; path = MyPageViewController.swift; sourceTree = "<group>"; };
		F5599B02283E130700DC7B0A /* UserDbFirebase.swift */ = {isa = PBXFileReference; lastKnownFileType = sourcecode.swift; path = UserDbFirebase.swift; sourceTree = "<group>"; };
		F57B3579283D0B5D00FDBE48 /* PostDbFirebase.swift */ = {isa = PBXFileReference; lastKnownFileType = sourcecode.swift; path = PostDbFirebase.swift; sourceTree = "<group>"; };
		F57B357B283D12C400FDBE48 /* AddPostViewController.swift */ = {isa = PBXFileReference; lastKnownFileType = sourcecode.swift; path = AddPostViewController.swift; sourceTree = "<group>"; };
		F57B357D283D378800FDBE48 /* MakeFieldViewController.swift */ = {isa = PBXFileReference; lastKnownFileType = sourcecode.swift; path = MakeFieldViewController.swift; sourceTree = "<group>"; };
		F57B357F283D426300FDBE48 /* AddFieldViewController.swift */ = {isa = PBXFileReference; lastKnownFileType = sourcecode.swift; path = AddFieldViewController.swift; sourceTree = "<group>"; };
		F57B3581283D49B900FDBE48 /* PostFieldFirebase.swift */ = {isa = PBXFileReference; lastKnownFileType = sourcecode.swift; path = PostFieldFirebase.swift; sourceTree = "<group>"; };
		F588303E283BFF2B00AC92A0 /* Comment.swift */ = {isa = PBXFileReference; lastKnownFileType = sourcecode.swift; path = Comment.swift; sourceTree = "<group>"; };
		F5C6054C2832130700A87286 /* term-project-1971144-sjchoi.app */ = {isa = PBXFileReference; explicitFileType = wrapper.application; includeInIndex = 0; path = "term-project-1971144-sjchoi.app"; sourceTree = BUILT_PRODUCTS_DIR; };
		F5C6054F2832130700A87286 /* AppDelegate.swift */ = {isa = PBXFileReference; lastKnownFileType = sourcecode.swift; path = AppDelegate.swift; sourceTree = "<group>"; };
		F5C605512832130700A87286 /* SceneDelegate.swift */ = {isa = PBXFileReference; lastKnownFileType = sourcecode.swift; path = SceneDelegate.swift; sourceTree = "<group>"; };
		F5C605532832130700A87286 /* ViewController.swift */ = {isa = PBXFileReference; lastKnownFileType = sourcecode.swift; path = ViewController.swift; sourceTree = "<group>"; };
		F5C605562832130700A87286 /* Base */ = {isa = PBXFileReference; lastKnownFileType = file.storyboard; name = Base; path = Base.lproj/Main.storyboard; sourceTree = "<group>"; };
		F5C605582832130A00A87286 /* Assets.xcassets */ = {isa = PBXFileReference; lastKnownFileType = folder.assetcatalog; path = Assets.xcassets; sourceTree = "<group>"; };
		F5C6055B2832130A00A87286 /* Base */ = {isa = PBXFileReference; lastKnownFileType = file.storyboard; name = Base; path = Base.lproj/LaunchScreen.storyboard; sourceTree = "<group>"; };
		F5C6055D2832130A00A87286 /* Info.plist */ = {isa = PBXFileReference; lastKnownFileType = text.plist.xml; path = Info.plist; sourceTree = "<group>"; };
		F5C605622832130B00A87286 /* term-project-1971144-sjchoiTests.xctest */ = {isa = PBXFileReference; explicitFileType = wrapper.cfbundle; includeInIndex = 0; path = "term-project-1971144-sjchoiTests.xctest"; sourceTree = BUILT_PRODUCTS_DIR; };
		F5C605662832130B00A87286 /* term_project_1971144_sjchoiTests.swift */ = {isa = PBXFileReference; lastKnownFileType = sourcecode.swift; path = term_project_1971144_sjchoiTests.swift; sourceTree = "<group>"; };
		F5C6056C2832130B00A87286 /* term-project-1971144-sjchoiUITests.xctest */ = {isa = PBXFileReference; explicitFileType = wrapper.cfbundle; includeInIndex = 0; path = "term-project-1971144-sjchoiUITests.xctest"; sourceTree = BUILT_PRODUCTS_DIR; };
		F5C605702832130B00A87286 /* term_project_1971144_sjchoiUITests.swift */ = {isa = PBXFileReference; lastKnownFileType = sourcecode.swift; path = term_project_1971144_sjchoiUITests.swift; sourceTree = "<group>"; };
		F5C605722832130B00A87286 /* term_project_1971144_sjchoiUITestsLaunchTests.swift */ = {isa = PBXFileReference; lastKnownFileType = sourcecode.swift; path = term_project_1971144_sjchoiUITestsLaunchTests.swift; sourceTree = "<group>"; };
		F5C6057F2832132F00A87286 /* Post.swift */ = {isa = PBXFileReference; lastKnownFileType = sourcecode.swift; path = Post.swift; sourceTree = "<group>"; };
		F5C605812832153B00A87286 /* PostGroup.swift */ = {isa = PBXFileReference; lastKnownFileType = sourcecode.swift; path = PostGroup.swift; sourceTree = "<group>"; };
		F5C605832832155800A87286 /* Database.swift */ = {isa = PBXFileReference; lastKnownFileType = sourcecode.swift; path = Database.swift; sourceTree = "<group>"; };
		F5C605852832158E00A87286 /* DbMemory.swift */ = {isa = PBXFileReference; lastKnownFileType = sourcecode.swift; path = DbMemory.swift; sourceTree = "<group>"; };
		F5C60587283216ED00A87286 /* ExtendedDate.swift */ = {isa = PBXFileReference; lastKnownFileType = sourcecode.swift; path = ExtendedDate.swift; sourceTree = "<group>"; };
		F5C60589283217E900A87286 /* PostGroupViewController.swift */ = {isa = PBXFileReference; lastKnownFileType = sourcecode.swift; path = PostGroupViewController.swift; sourceTree = "<group>"; };
		F5C6058B28322F7500A87286 /* PostDetailViewController.swift */ = {isa = PBXFileReference; lastKnownFileType = sourcecode.swift; path = PostDetailViewController.swift; sourceTree = "<group>"; };
		F8D6888B36A3C179CF47CAEB /* Pods_term_project_1971144_sjchoi_term_project_1971144_sjchoiUITests.framework */ = {isa = PBXFileReference; explicitFileType = wrapper.framework; includeInIndex = 0; path = Pods_term_project_1971144_sjchoi_term_project_1971144_sjchoiUITests.framework; sourceTree = BUILT_PRODUCTS_DIR; };
/* End PBXFileReference section */

/* Begin PBXFrameworksBuildPhase section */
		F5C605492832130700A87286 /* Frameworks */ = {
			isa = PBXFrameworksBuildPhase;
			buildActionMask = 2147483647;
			files = (
				7409F8C41F07959B99DC36F9 /* Pods_term_project_1971144_sjchoi.framework in Frameworks */,
			);
			runOnlyForDeploymentPostprocessing = 0;
		};
		F5C6055F2832130B00A87286 /* Frameworks */ = {
			isa = PBXFrameworksBuildPhase;
			buildActionMask = 2147483647;
			files = (
				1134FF66754E0FCFE21D7FA0 /* Pods_term_project_1971144_sjchoiTests.framework in Frameworks */,
			);
			runOnlyForDeploymentPostprocessing = 0;
		};
		F5C605692832130B00A87286 /* Frameworks */ = {
			isa = PBXFrameworksBuildPhase;
			buildActionMask = 2147483647;
			files = (
				277CA00610574D718B43E357 /* Pods_term_project_1971144_sjchoi_term_project_1971144_sjchoiUITests.framework in Frameworks */,
			);
			runOnlyForDeploymentPostprocessing = 0;
		};
/* End PBXFrameworksBuildPhase section */

/* Begin PBXGroup section */
		2A5FBC4C912FE15C27EB2F53 /* Frameworks */ = {
			isa = PBXGroup;
			children = (
				E090CF0DE5AF2FD71BAAD1C8 /* Pods_term_project_1971144_sjchoi.framework */,
				F8D6888B36A3C179CF47CAEB /* Pods_term_project_1971144_sjchoi_term_project_1971144_sjchoiUITests.framework */,
				B7F1043CE61FE7DDF82957C3 /* Pods_term_project_1971144_sjchoiTests.framework */,
			);
			name = Frameworks;
			sourceTree = "<group>";
		};
		6DEE13E6437369A8329371BF /* Pods */ = {
			isa = PBXGroup;
			children = (
				3A11EE1CBDAD0B4F3B399754 /* Pods-term-project-1971144-sjchoi.debug.xcconfig */,
				86803C4B929091B45FE51584 /* Pods-term-project-1971144-sjchoi.release.xcconfig */,
				8D614B0B05BDAA9859C5E883 /* Pods-term-project-1971144-sjchoi-term-project-1971144-sjchoiUITests.debug.xcconfig */,
				56FA5530FA33CF6F33F1587E /* Pods-term-project-1971144-sjchoi-term-project-1971144-sjchoiUITests.release.xcconfig */,
				2F8E92ED6864F4C44CA99368 /* Pods-term-project-1971144-sjchoiTests.debug.xcconfig */,
				3CC4C99D231668E63F75F0E3 /* Pods-term-project-1971144-sjchoiTests.release.xcconfig */,
			);
			path = Pods;
			sourceTree = "<group>";
		};
		F5C605432832130700A87286 = {
			isa = PBXGroup;
			children = (
				F5C6054E2832130700A87286 /* term-project-1971144-sjchoi */,
				F5C605652832130B00A87286 /* term-project-1971144-sjchoiTests */,
				F5C6056F2832130B00A87286 /* term-project-1971144-sjchoiUITests */,
				F5C6054D2832130700A87286 /* Products */,
				6DEE13E6437369A8329371BF /* Pods */,
				2A5FBC4C912FE15C27EB2F53 /* Frameworks */,
			);
			sourceTree = "<group>";
		};
		F5C6054D2832130700A87286 /* Products */ = {
			isa = PBXGroup;
			children = (
				F5C6054C2832130700A87286 /* term-project-1971144-sjchoi.app */,
				F5C605622832130B00A87286 /* term-project-1971144-sjchoiTests.xctest */,
				F5C6056C2832130B00A87286 /* term-project-1971144-sjchoiUITests.xctest */,
			);
			name = Products;
			sourceTree = "<group>";
		};
		F5C6054E2832130700A87286 /* term-project-1971144-sjchoi */ = {
			isa = PBXGroup;
			children = (
				F5C6054F2832130700A87286 /* AppDelegate.swift */,
				F5C605512832130700A87286 /* SceneDelegate.swift */,
				F5C605532832130700A87286 /* ViewController.swift */,
				F5C605552832130700A87286 /* Main.storyboard */,
				F5C605582832130A00A87286 /* Assets.xcassets */,
				F5C6055A2832130A00A87286 /* LaunchScreen.storyboard */,
				F5C6055D2832130A00A87286 /* Info.plist */,
				F5C6057F2832132F00A87286 /* Post.swift */,
				F5C605812832153B00A87286 /* PostGroup.swift */,
				F5C605832832155800A87286 /* Database.swift */,
				F5C605852832158E00A87286 /* DbMemory.swift */,
				F5C60587283216ED00A87286 /* ExtendedDate.swift */,
				F5C60589283217E900A87286 /* PostGroupViewController.swift */,
				F5C6058B28322F7500A87286 /* PostDetailViewController.swift */,
				F5320D102834B361009624EA /* FieldViewController.swift */,
				F5320D122834B497009624EA /* PostField.swift */,
				F5320D142834B8C3009624EA /* PostFieldGroup.swift */,
				F54EC1AB283BACBB003EF40E /* GoogleService-Info.plist */,
				F588303E283BFF2B00AC92A0 /* Comment.swift */,
				F57B3579283D0B5D00FDBE48 /* PostDbFirebase.swift */,
				F57B357B283D12C400FDBE48 /* AddPostViewController.swift */,
				F57B357D283D378800FDBE48 /* MakeFieldViewController.swift */,
				F57B357F283D426300FDBE48 /* AddFieldViewController.swift */,
				F57B3581283D49B900FDBE48 /* PostFieldFirebase.swift */,
				F5599AF8283DE5B700DC7B0A /* Authentication.storyboard */,
				F5599AFA283DE89500DC7B0A /* AuthenticationViewController.swift */,
				F5599AFC283DED1D00DC7B0A /* User.swift */,
				F5599AFE283E05DE00DC7B0A /* SignUpViewController.swift */,
				F5599B00283E0E5D00DC7B0A /* MyPageViewController.swift */,
				F5599B02283E130700DC7B0A /* UserDbFirebase.swift */,
			);
			path = "term-project-1971144-sjchoi";
			sourceTree = "<group>";
		};
		F5C605652832130B00A87286 /* term-project-1971144-sjchoiTests */ = {
			isa = PBXGroup;
			children = (
				F5C605662832130B00A87286 /* term_project_1971144_sjchoiTests.swift */,
			);
			path = "term-project-1971144-sjchoiTests";
			sourceTree = "<group>";
		};
		F5C6056F2832130B00A87286 /* term-project-1971144-sjchoiUITests */ = {
			isa = PBXGroup;
			children = (
				F5C605702832130B00A87286 /* term_project_1971144_sjchoiUITests.swift */,
				F5C605722832130B00A87286 /* term_project_1971144_sjchoiUITestsLaunchTests.swift */,
			);
			path = "term-project-1971144-sjchoiUITests";
			sourceTree = "<group>";
		};
/* End PBXGroup section */

/* Begin PBXNativeTarget section */
		F5C6054B2832130700A87286 /* term-project-1971144-sjchoi */ = {
			isa = PBXNativeTarget;
			buildConfigurationList = F5C605762832130B00A87286 /* Build configuration list for PBXNativeTarget "term-project-1971144-sjchoi" */;
			buildPhases = (
				3591FF356AD551E0BBF2CDB2 /* [CP] Check Pods Manifest.lock */,
				F5C605482832130700A87286 /* Sources */,
				F5C605492832130700A87286 /* Frameworks */,
				F5C6054A2832130700A87286 /* Resources */,
				0A4D0B2A1B561D6B7725E707 /* [CP] Embed Pods Frameworks */,
			);
			buildRules = (
			);
			dependencies = (
			);
			name = "term-project-1971144-sjchoi";
			productName = "term-project-1971144-sjchoi";
			productReference = F5C6054C2832130700A87286 /* term-project-1971144-sjchoi.app */;
			productType = "com.apple.product-type.application";
		};
		F5C605612832130B00A87286 /* term-project-1971144-sjchoiTests */ = {
			isa = PBXNativeTarget;
			buildConfigurationList = F5C605792832130B00A87286 /* Build configuration list for PBXNativeTarget "term-project-1971144-sjchoiTests" */;
			buildPhases = (
				EAA781DB6A42F5321927784E /* [CP] Check Pods Manifest.lock */,
				F5C6055E2832130B00A87286 /* Sources */,
				F5C6055F2832130B00A87286 /* Frameworks */,
				F5C605602832130B00A87286 /* Resources */,
			);
			buildRules = (
			);
			dependencies = (
				F5C605642832130B00A87286 /* PBXTargetDependency */,
			);
			name = "term-project-1971144-sjchoiTests";
			productName = "term-project-1971144-sjchoiTests";
			productReference = F5C605622832130B00A87286 /* term-project-1971144-sjchoiTests.xctest */;
			productType = "com.apple.product-type.bundle.unit-test";
		};
		F5C6056B2832130B00A87286 /* term-project-1971144-sjchoiUITests */ = {
			isa = PBXNativeTarget;
			buildConfigurationList = F5C6057C2832130B00A87286 /* Build configuration list for PBXNativeTarget "term-project-1971144-sjchoiUITests" */;
			buildPhases = (
				AE80AA72F7449DFDD6544C7E /* [CP] Check Pods Manifest.lock */,
				F5C605682832130B00A87286 /* Sources */,
				F5C605692832130B00A87286 /* Frameworks */,
				F5C6056A2832130B00A87286 /* Resources */,
				16C19EB9A797D1228BCEFE14 /* [CP] Embed Pods Frameworks */,
			);
			buildRules = (
			);
			dependencies = (
				F5C6056E2832130B00A87286 /* PBXTargetDependency */,
			);
			name = "term-project-1971144-sjchoiUITests";
			productName = "term-project-1971144-sjchoiUITests";
			productReference = F5C6056C2832130B00A87286 /* term-project-1971144-sjchoiUITests.xctest */;
			productType = "com.apple.product-type.bundle.ui-testing";
		};
/* End PBXNativeTarget section */

/* Begin PBXProject section */
		F5C605442832130700A87286 /* Project object */ = {
			isa = PBXProject;
			attributes = {
				BuildIndependentTargetsInParallel = 1;
				LastSwiftUpdateCheck = 1320;
				LastUpgradeCheck = 1320;
				TargetAttributes = {
					F5C6054B2832130700A87286 = {
						CreatedOnToolsVersion = 13.2.1;
					};
					F5C605612832130B00A87286 = {
						CreatedOnToolsVersion = 13.2.1;
						TestTargetID = F5C6054B2832130700A87286;
					};
					F5C6056B2832130B00A87286 = {
						CreatedOnToolsVersion = 13.2.1;
						TestTargetID = F5C6054B2832130700A87286;
					};
				};
			};
			buildConfigurationList = F5C605472832130700A87286 /* Build configuration list for PBXProject "term-project-1971144-sjchoi" */;
			compatibilityVersion = "Xcode 13.0";
			developmentRegion = en;
			hasScannedForEncodings = 0;
			knownRegions = (
				en,
				Base,
			);
			mainGroup = F5C605432832130700A87286;
			productRefGroup = F5C6054D2832130700A87286 /* Products */;
			projectDirPath = "";
			projectRoot = "";
			targets = (
				F5C6054B2832130700A87286 /* term-project-1971144-sjchoi */,
				F5C605612832130B00A87286 /* term-project-1971144-sjchoiTests */,
				F5C6056B2832130B00A87286 /* term-project-1971144-sjchoiUITests */,
			);
		};
/* End PBXProject section */

/* Begin PBXResourcesBuildPhase section */
		F5C6054A2832130700A87286 /* Resources */ = {
			isa = PBXResourcesBuildPhase;
			buildActionMask = 2147483647;
			files = (
				F5C6055C2832130A00A87286 /* LaunchScreen.storyboard in Resources */,
				F54EC1AC283BACBB003EF40E /* GoogleService-Info.plist in Resources */,
				F5C605592832130A00A87286 /* Assets.xcassets in Resources */,
				F5C605572832130700A87286 /* Main.storyboard in Resources */,
				F5599AF9283DE5B700DC7B0A /* Authentication.storyboard in Resources */,
			);
			runOnlyForDeploymentPostprocessing = 0;
		};
		F5C605602832130B00A87286 /* Resources */ = {
			isa = PBXResourcesBuildPhase;
			buildActionMask = 2147483647;
			files = (
			);
			runOnlyForDeploymentPostprocessing = 0;
		};
		F5C6056A2832130B00A87286 /* Resources */ = {
			isa = PBXResourcesBuildPhase;
			buildActionMask = 2147483647;
			files = (
			);
			runOnlyForDeploymentPostprocessing = 0;
		};
/* End PBXResourcesBuildPhase section */

/* Begin PBXShellScriptBuildPhase section */
		0A4D0B2A1B561D6B7725E707 /* [CP] Embed Pods Frameworks */ = {
			isa = PBXShellScriptBuildPhase;
			buildActionMask = 2147483647;
			files = (
			);
			inputFileListPaths = (
				"${PODS_ROOT}/Target Support Files/Pods-term-project-1971144-sjchoi/Pods-term-project-1971144-sjchoi-frameworks-${CONFIGURATION}-input-files.xcfilelist",
			);
			name = "[CP] Embed Pods Frameworks";
			outputFileListPaths = (
				"${PODS_ROOT}/Target Support Files/Pods-term-project-1971144-sjchoi/Pods-term-project-1971144-sjchoi-frameworks-${CONFIGURATION}-output-files.xcfilelist",
			);
			runOnlyForDeploymentPostprocessing = 0;
			shellPath = /bin/sh;
			shellScript = "\"${PODS_ROOT}/Target Support Files/Pods-term-project-1971144-sjchoi/Pods-term-project-1971144-sjchoi-frameworks.sh\"\n";
			showEnvVarsInLog = 0;
		};
		16C19EB9A797D1228BCEFE14 /* [CP] Embed Pods Frameworks */ = {
			isa = PBXShellScriptBuildPhase;
			buildActionMask = 2147483647;
			files = (
			);
			inputFileListPaths = (
				"${PODS_ROOT}/Target Support Files/Pods-term-project-1971144-sjchoi-term-project-1971144-sjchoiUITests/Pods-term-project-1971144-sjchoi-term-project-1971144-sjchoiUITests-frameworks-${CONFIGURATION}-input-files.xcfilelist",
			);
			name = "[CP] Embed Pods Frameworks";
			outputFileListPaths = (
				"${PODS_ROOT}/Target Support Files/Pods-term-project-1971144-sjchoi-term-project-1971144-sjchoiUITests/Pods-term-project-1971144-sjchoi-term-project-1971144-sjchoiUITests-frameworks-${CONFIGURATION}-output-files.xcfilelist",
			);
			runOnlyForDeploymentPostprocessing = 0;
			shellPath = /bin/sh;
			shellScript = "\"${PODS_ROOT}/Target Support Files/Pods-term-project-1971144-sjchoi-term-project-1971144-sjchoiUITests/Pods-term-project-1971144-sjchoi-term-project-1971144-sjchoiUITests-frameworks.sh\"\n";
			showEnvVarsInLog = 0;
		};
		3591FF356AD551E0BBF2CDB2 /* [CP] Check Pods Manifest.lock */ = {
			isa = PBXShellScriptBuildPhase;
			buildActionMask = 2147483647;
			files = (
			);
			inputFileListPaths = (
			);
			inputPaths = (
				"${PODS_PODFILE_DIR_PATH}/Podfile.lock",
				"${PODS_ROOT}/Manifest.lock",
			);
			name = "[CP] Check Pods Manifest.lock";
			outputFileListPaths = (
			);
			outputPaths = (
				"$(DERIVED_FILE_DIR)/Pods-term-project-1971144-sjchoi-checkManifestLockResult.txt",
			);
			runOnlyForDeploymentPostprocessing = 0;
			shellPath = /bin/sh;
			shellScript = "diff \"${PODS_PODFILE_DIR_PATH}/Podfile.lock\" \"${PODS_ROOT}/Manifest.lock\" > /dev/null\nif [ $? != 0 ] ; then\n    # print error to STDERR\n    echo \"error: The sandbox is not in sync with the Podfile.lock. Run 'pod install' or update your CocoaPods installation.\" >&2\n    exit 1\nfi\n# This output is used by Xcode 'outputs' to avoid re-running this script phase.\necho \"SUCCESS\" > \"${SCRIPT_OUTPUT_FILE_0}\"\n";
			showEnvVarsInLog = 0;
		};
		AE80AA72F7449DFDD6544C7E /* [CP] Check Pods Manifest.lock */ = {
			isa = PBXShellScriptBuildPhase;
			buildActionMask = 2147483647;
			files = (
			);
			inputFileListPaths = (
			);
			inputPaths = (
				"${PODS_PODFILE_DIR_PATH}/Podfile.lock",
				"${PODS_ROOT}/Manifest.lock",
			);
			name = "[CP] Check Pods Manifest.lock";
			outputFileListPaths = (
			);
			outputPaths = (
				"$(DERIVED_FILE_DIR)/Pods-term-project-1971144-sjchoi-term-project-1971144-sjchoiUITests-checkManifestLockResult.txt",
			);
			runOnlyForDeploymentPostprocessing = 0;
			shellPath = /bin/sh;
			shellScript = "diff \"${PODS_PODFILE_DIR_PATH}/Podfile.lock\" \"${PODS_ROOT}/Manifest.lock\" > /dev/null\nif [ $? != 0 ] ; then\n    # print error to STDERR\n    echo \"error: The sandbox is not in sync with the Podfile.lock. Run 'pod install' or update your CocoaPods installation.\" >&2\n    exit 1\nfi\n# This output is used by Xcode 'outputs' to avoid re-running this script phase.\necho \"SUCCESS\" > \"${SCRIPT_OUTPUT_FILE_0}\"\n";
			showEnvVarsInLog = 0;
		};
		EAA781DB6A42F5321927784E /* [CP] Check Pods Manifest.lock */ = {
			isa = PBXShellScriptBuildPhase;
			buildActionMask = 2147483647;
			files = (
			);
			inputFileListPaths = (
			);
			inputPaths = (
				"${PODS_PODFILE_DIR_PATH}/Podfile.lock",
				"${PODS_ROOT}/Manifest.lock",
			);
			name = "[CP] Check Pods Manifest.lock";
			outputFileListPaths = (
			);
			outputPaths = (
				"$(DERIVED_FILE_DIR)/Pods-term-project-1971144-sjchoiTests-checkManifestLockResult.txt",
			);
			runOnlyForDeploymentPostprocessing = 0;
			shellPath = /bin/sh;
			shellScript = "diff \"${PODS_PODFILE_DIR_PATH}/Podfile.lock\" \"${PODS_ROOT}/Manifest.lock\" > /dev/null\nif [ $? != 0 ] ; then\n    # print error to STDERR\n    echo \"error: The sandbox is not in sync with the Podfile.lock. Run 'pod install' or update your CocoaPods installation.\" >&2\n    exit 1\nfi\n# This output is used by Xcode 'outputs' to avoid re-running this script phase.\necho \"SUCCESS\" > \"${SCRIPT_OUTPUT_FILE_0}\"\n";
			showEnvVarsInLog = 0;
		};
/* End PBXShellScriptBuildPhase section */

/* Begin PBXSourcesBuildPhase section */
		F5C605482832130700A87286 /* Sources */ = {
			isa = PBXSourcesBuildPhase;
			buildActionMask = 2147483647;
			files = (
				F5599AFF283E05DE00DC7B0A /* SignUpViewController.swift in Sources */,
				F5C605842832155800A87286 /* Database.swift in Sources */,
				F5C605542832130700A87286 /* ViewController.swift in Sources */,
				F57B357A283D0B5D00FDBE48 /* PostDbFirebase.swift in Sources */,
				F57B3582283D49B900FDBE48 /* PostFieldFirebase.swift in Sources */,
				F5C605502832130700A87286 /* AppDelegate.swift in Sources */,
				F57B357C283D12C400FDBE48 /* AddPostViewController.swift in Sources */,
				F57B3580283D426300FDBE48 /* AddFieldViewController.swift in Sources */,
				F588303F283BFF2B00AC92A0 /* Comment.swift in Sources */,
				F5C605862832158E00A87286 /* DbMemory.swift in Sources */,
				F5320D132834B497009624EA /* PostField.swift in Sources */,
				F5C60588283216ED00A87286 /* ExtendedDate.swift in Sources */,
				F5C605522832130700A87286 /* SceneDelegate.swift in Sources */,
				F5599B01283E0E5D00DC7B0A /* MyPageViewController.swift in Sources */,
				F5599AFB283DE89500DC7B0A /* AuthenticationViewController.swift in Sources */,
				F5C605822832153B00A87286 /* PostGroup.swift in Sources */,
				F5320D152834B8C3009624EA /* PostFieldGroup.swift in Sources */,
				F5320D112834B361009624EA /* FieldViewController.swift in Sources */,
				F57B357E283D378800FDBE48 /* MakeFieldViewController.swift in Sources */,
				F5C6058C28322F7500A87286 /* PostDetailViewController.swift in Sources */,
				F5C6058A283217E900A87286 /* PostGroupViewController.swift in Sources */,
				F5599B03283E130700DC7B0A /* UserDbFirebase.swift in Sources */,
				F5C605802832132F00A87286 /* Post.swift in Sources */,
				F5599AFD283DED1D00DC7B0A /* User.swift in Sources */,
			);
			runOnlyForDeploymentPostprocessing = 0;
		};
		F5C6055E2832130B00A87286 /* Sources */ = {
			isa = PBXSourcesBuildPhase;
			buildActionMask = 2147483647;
			files = (
				F5C605672832130B00A87286 /* term_project_1971144_sjchoiTests.swift in Sources */,
			);
			runOnlyForDeploymentPostprocessing = 0;
		};
		F5C605682832130B00A87286 /* Sources */ = {
			isa = PBXSourcesBuildPhase;
			buildActionMask = 2147483647;
			files = (
				F5C605732832130B00A87286 /* term_project_1971144_sjchoiUITestsLaunchTests.swift in Sources */,
				F5C605712832130B00A87286 /* term_project_1971144_sjchoiUITests.swift in Sources */,
			);
			runOnlyForDeploymentPostprocessing = 0;
		};
/* End PBXSourcesBuildPhase section */

/* Begin PBXTargetDependency section */
		F5C605642832130B00A87286 /* PBXTargetDependency */ = {
			isa = PBXTargetDependency;
			target = F5C6054B2832130700A87286 /* term-project-1971144-sjchoi */;
			targetProxy = F5C605632832130B00A87286 /* PBXContainerItemProxy */;
		};
		F5C6056E2832130B00A87286 /* PBXTargetDependency */ = {
			isa = PBXTargetDependency;
			target = F5C6054B2832130700A87286 /* term-project-1971144-sjchoi */;
			targetProxy = F5C6056D2832130B00A87286 /* PBXContainerItemProxy */;
		};
/* End PBXTargetDependency section */

/* Begin PBXVariantGroup section */
		F5C605552832130700A87286 /* Main.storyboard */ = {
			isa = PBXVariantGroup;
			children = (
				F5C605562832130700A87286 /* Base */,
			);
			name = Main.storyboard;
			sourceTree = "<group>";
		};
		F5C6055A2832130A00A87286 /* LaunchScreen.storyboard */ = {
			isa = PBXVariantGroup;
			children = (
				F5C6055B2832130A00A87286 /* Base */,
			);
			name = LaunchScreen.storyboard;
			sourceTree = "<group>";
		};
/* End PBXVariantGroup section */

/* Begin XCBuildConfiguration section */
		F5C605742832130B00A87286 /* Debug */ = {
			isa = XCBuildConfiguration;
			buildSettings = {
				ALWAYS_SEARCH_USER_PATHS = NO;
				CLANG_ANALYZER_NONNULL = YES;
				CLANG_ANALYZER_NUMBER_OBJECT_CONVERSION = YES_AGGRESSIVE;
				CLANG_CXX_LANGUAGE_STANDARD = "gnu++17";
				CLANG_CXX_LIBRARY = "libc++";
				CLANG_ENABLE_MODULES = YES;
				CLANG_ENABLE_OBJC_ARC = YES;
				CLANG_ENABLE_OBJC_WEAK = YES;
				CLANG_WARN_BLOCK_CAPTURE_AUTORELEASING = YES;
				CLANG_WARN_BOOL_CONVERSION = YES;
				CLANG_WARN_COMMA = YES;
				CLANG_WARN_CONSTANT_CONVERSION = YES;
				CLANG_WARN_DEPRECATED_OBJC_IMPLEMENTATIONS = YES;
				CLANG_WARN_DIRECT_OBJC_ISA_USAGE = YES_ERROR;
				CLANG_WARN_DOCUMENTATION_COMMENTS = YES;
				CLANG_WARN_EMPTY_BODY = YES;
				CLANG_WARN_ENUM_CONVERSION = YES;
				CLANG_WARN_INFINITE_RECURSION = YES;
				CLANG_WARN_INT_CONVERSION = YES;
				CLANG_WARN_NON_LITERAL_NULL_CONVERSION = YES;
				CLANG_WARN_OBJC_IMPLICIT_RETAIN_SELF = YES;
				CLANG_WARN_OBJC_LITERAL_CONVERSION = YES;
				CLANG_WARN_OBJC_ROOT_CLASS = YES_ERROR;
				CLANG_WARN_QUOTED_INCLUDE_IN_FRAMEWORK_HEADER = YES;
				CLANG_WARN_RANGE_LOOP_ANALYSIS = YES;
				CLANG_WARN_STRICT_PROTOTYPES = YES;
				CLANG_WARN_SUSPICIOUS_MOVE = YES;
				CLANG_WARN_UNGUARDED_AVAILABILITY = YES_AGGRESSIVE;
				CLANG_WARN_UNREACHABLE_CODE = YES;
				CLANG_WARN__DUPLICATE_METHOD_MATCH = YES;
				COPY_PHASE_STRIP = NO;
				DEBUG_INFORMATION_FORMAT = dwarf;
				ENABLE_STRICT_OBJC_MSGSEND = YES;
				ENABLE_TESTABILITY = YES;
				GCC_C_LANGUAGE_STANDARD = gnu11;
				GCC_DYNAMIC_NO_PIC = NO;
				GCC_NO_COMMON_BLOCKS = YES;
				GCC_OPTIMIZATION_LEVEL = 0;
				GCC_PREPROCESSOR_DEFINITIONS = (
					"DEBUG=1",
					"$(inherited)",
				);
				GCC_WARN_64_TO_32_BIT_CONVERSION = YES;
				GCC_WARN_ABOUT_RETURN_TYPE = YES_ERROR;
				GCC_WARN_UNDECLARED_SELECTOR = YES;
				GCC_WARN_UNINITIALIZED_AUTOS = YES_AGGRESSIVE;
				GCC_WARN_UNUSED_FUNCTION = YES;
				GCC_WARN_UNUSED_VARIABLE = YES;
				IPHONEOS_DEPLOYMENT_TARGET = 15.2;
				MTL_ENABLE_DEBUG_INFO = INCLUDE_SOURCE;
				MTL_FAST_MATH = YES;
				ONLY_ACTIVE_ARCH = YES;
				SDKROOT = iphoneos;
				SWIFT_ACTIVE_COMPILATION_CONDITIONS = DEBUG;
				SWIFT_OPTIMIZATION_LEVEL = "-Onone";
			};
			name = Debug;
		};
		F5C605752832130B00A87286 /* Release */ = {
			isa = XCBuildConfiguration;
			buildSettings = {
				ALWAYS_SEARCH_USER_PATHS = NO;
				CLANG_ANALYZER_NONNULL = YES;
				CLANG_ANALYZER_NUMBER_OBJECT_CONVERSION = YES_AGGRESSIVE;
				CLANG_CXX_LANGUAGE_STANDARD = "gnu++17";
				CLANG_CXX_LIBRARY = "libc++";
				CLANG_ENABLE_MODULES = YES;
				CLANG_ENABLE_OBJC_ARC = YES;
				CLANG_ENABLE_OBJC_WEAK = YES;
				CLANG_WARN_BLOCK_CAPTURE_AUTORELEASING = YES;
				CLANG_WARN_BOOL_CONVERSION = YES;
				CLANG_WARN_COMMA = YES;
				CLANG_WARN_CONSTANT_CONVERSION = YES;
				CLANG_WARN_DEPRECATED_OBJC_IMPLEMENTATIONS = YES;
				CLANG_WARN_DIRECT_OBJC_ISA_USAGE = YES_ERROR;
				CLANG_WARN_DOCUMENTATION_COMMENTS = YES;
				CLANG_WARN_EMPTY_BODY = YES;
				CLANG_WARN_ENUM_CONVERSION = YES;
				CLANG_WARN_INFINITE_RECURSION = YES;
				CLANG_WARN_INT_CONVERSION = YES;
				CLANG_WARN_NON_LITERAL_NULL_CONVERSION = YES;
				CLANG_WARN_OBJC_IMPLICIT_RETAIN_SELF = YES;
				CLANG_WARN_OBJC_LITERAL_CONVERSION = YES;
				CLANG_WARN_OBJC_ROOT_CLASS = YES_ERROR;
				CLANG_WARN_QUOTED_INCLUDE_IN_FRAMEWORK_HEADER = YES;
				CLANG_WARN_RANGE_LOOP_ANALYSIS = YES;
				CLANG_WARN_STRICT_PROTOTYPES = YES;
				CLANG_WARN_SUSPICIOUS_MOVE = YES;
				CLANG_WARN_UNGUARDED_AVAILABILITY = YES_AGGRESSIVE;
				CLANG_WARN_UNREACHABLE_CODE = YES;
				CLANG_WARN__DUPLICATE_METHOD_MATCH = YES;
				COPY_PHASE_STRIP = NO;
				DEBUG_INFORMATION_FORMAT = "dwarf-with-dsym";
				ENABLE_NS_ASSERTIONS = NO;
				ENABLE_STRICT_OBJC_MSGSEND = YES;
				GCC_C_LANGUAGE_STANDARD = gnu11;
				GCC_NO_COMMON_BLOCKS = YES;
				GCC_WARN_64_TO_32_BIT_CONVERSION = YES;
				GCC_WARN_ABOUT_RETURN_TYPE = YES_ERROR;
				GCC_WARN_UNDECLARED_SELECTOR = YES;
				GCC_WARN_UNINITIALIZED_AUTOS = YES_AGGRESSIVE;
				GCC_WARN_UNUSED_FUNCTION = YES;
				GCC_WARN_UNUSED_VARIABLE = YES;
				IPHONEOS_DEPLOYMENT_TARGET = 15.2;
				MTL_ENABLE_DEBUG_INFO = NO;
				MTL_FAST_MATH = YES;
				SDKROOT = iphoneos;
				SWIFT_COMPILATION_MODE = wholemodule;
				SWIFT_OPTIMIZATION_LEVEL = "-O";
				VALIDATE_PRODUCT = YES;
			};
			name = Release;
		};
		F5C605772832130B00A87286 /* Debug */ = {
			isa = XCBuildConfiguration;
			baseConfigurationReference = 3A11EE1CBDAD0B4F3B399754 /* Pods-term-project-1971144-sjchoi.debug.xcconfig */;
			buildSettings = {
				ASSETCATALOG_COMPILER_APPICON_NAME = AppIcon;
				ASSETCATALOG_COMPILER_GLOBAL_ACCENT_COLOR_NAME = AccentColor;
				CODE_SIGN_STYLE = Automatic;
				CURRENT_PROJECT_VERSION = 1;
				GENERATE_INFOPLIST_FILE = YES;
				INFOPLIST_FILE = "term-project-1971144-sjchoi/Info.plist";
				INFOPLIST_KEY_UIApplicationSupportsIndirectInputEvents = YES;
				INFOPLIST_KEY_UILaunchStoryboardName = LaunchScreen;
				INFOPLIST_KEY_UIMainStoryboardFile = Main;
				INFOPLIST_KEY_UISupportedInterfaceOrientations_iPad = "UIInterfaceOrientationPortrait UIInterfaceOrientationPortraitUpsideDown UIInterfaceOrientationLandscapeLeft UIInterfaceOrientationLandscapeRight";
				INFOPLIST_KEY_UISupportedInterfaceOrientations_iPhone = "UIInterfaceOrientationPortrait UIInterfaceOrientationLandscapeLeft UIInterfaceOrientationLandscapeRight";
				LD_RUNPATH_SEARCH_PATHS = (
					"$(inherited)",
					"@executable_path/Frameworks",
				);
				MARKETING_VERSION = 1.0;
				PRODUCT_BUNDLE_IDENTIFIER = "sjchoi.hansung.ac.kr.term-project-1971144-sjchoi";
				PRODUCT_NAME = "$(TARGET_NAME)";
				SWIFT_EMIT_LOC_STRINGS = YES;
				SWIFT_VERSION = 5.0;
				TARGETED_DEVICE_FAMILY = "1,2";
			};
			name = Debug;
		};
		F5C605782832130B00A87286 /* Release */ = {
			isa = XCBuildConfiguration;
			baseConfigurationReference = 86803C4B929091B45FE51584 /* Pods-term-project-1971144-sjchoi.release.xcconfig */;
			buildSettings = {
				ASSETCATALOG_COMPILER_APPICON_NAME = AppIcon;
				ASSETCATALOG_COMPILER_GLOBAL_ACCENT_COLOR_NAME = AccentColor;
				CODE_SIGN_STYLE = Automatic;
				CURRENT_PROJECT_VERSION = 1;
				GENERATE_INFOPLIST_FILE = YES;
				INFOPLIST_FILE = "term-project-1971144-sjchoi/Info.plist";
				INFOPLIST_KEY_UIApplicationSupportsIndirectInputEvents = YES;
				INFOPLIST_KEY_UILaunchStoryboardName = LaunchScreen;
				INFOPLIST_KEY_UIMainStoryboardFile = Main;
				INFOPLIST_KEY_UISupportedInterfaceOrientations_iPad = "UIInterfaceOrientationPortrait UIInterfaceOrientationPortraitUpsideDown UIInterfaceOrientationLandscapeLeft UIInterfaceOrientationLandscapeRight";
				INFOPLIST_KEY_UISupportedInterfaceOrientations_iPhone = "UIInterfaceOrientationPortrait UIInterfaceOrientationLandscapeLeft UIInterfaceOrientationLandscapeRight";
				LD_RUNPATH_SEARCH_PATHS = (
					"$(inherited)",
					"@executable_path/Frameworks",
				);
				MARKETING_VERSION = 1.0;
				PRODUCT_BUNDLE_IDENTIFIER = "sjchoi.hansung.ac.kr.term-project-1971144-sjchoi";
				PRODUCT_NAME = "$(TARGET_NAME)";
				SWIFT_EMIT_LOC_STRINGS = YES;
				SWIFT_VERSION = 5.0;
				TARGETED_DEVICE_FAMILY = "1,2";
			};
			name = Release;
		};
		F5C6057A2832130B00A87286 /* Debug */ = {
			isa = XCBuildConfiguration;
			baseConfigurationReference = 2F8E92ED6864F4C44CA99368 /* Pods-term-project-1971144-sjchoiTests.debug.xcconfig */;
			buildSettings = {
				ALWAYS_EMBED_SWIFT_STANDARD_LIBRARIES = YES;
				BUNDLE_LOADER = "$(TEST_HOST)";
				CODE_SIGN_STYLE = Automatic;
				CURRENT_PROJECT_VERSION = 1;
				GENERATE_INFOPLIST_FILE = YES;
				IPHONEOS_DEPLOYMENT_TARGET = 15.2;
				MARKETING_VERSION = 1.0;
				PRODUCT_BUNDLE_IDENTIFIER = "sjchoi.hansung.ac.kr.term-project-1971144-sjchoiTests";
				PRODUCT_NAME = "$(TARGET_NAME)";
				SWIFT_EMIT_LOC_STRINGS = NO;
				SWIFT_VERSION = 5.0;
				TARGETED_DEVICE_FAMILY = "1,2";
				TEST_HOST = "$(BUILT_PRODUCTS_DIR)/term-project-1971144-sjchoi.app/term-project-1971144-sjchoi";
			};
			name = Debug;
		};
		F5C6057B2832130B00A87286 /* Release */ = {
			isa = XCBuildConfiguration;
			baseConfigurationReference = 3CC4C99D231668E63F75F0E3 /* Pods-term-project-1971144-sjchoiTests.release.xcconfig */;
			buildSettings = {
				ALWAYS_EMBED_SWIFT_STANDARD_LIBRARIES = YES;
				BUNDLE_LOADER = "$(TEST_HOST)";
				CODE_SIGN_STYLE = Automatic;
				CURRENT_PROJECT_VERSION = 1;
				GENERATE_INFOPLIST_FILE = YES;
				IPHONEOS_DEPLOYMENT_TARGET = 15.2;
				MARKETING_VERSION = 1.0;
				PRODUCT_BUNDLE_IDENTIFIER = "sjchoi.hansung.ac.kr.term-project-1971144-sjchoiTests";
				PRODUCT_NAME = "$(TARGET_NAME)";
				SWIFT_EMIT_LOC_STRINGS = NO;
				SWIFT_VERSION = 5.0;
				TARGETED_DEVICE_FAMILY = "1,2";
				TEST_HOST = "$(BUILT_PRODUCTS_DIR)/term-project-1971144-sjchoi.app/term-project-1971144-sjchoi";
			};
			name = Release;
		};
		F5C6057D2832130B00A87286 /* Debug */ = {
			isa = XCBuildConfiguration;
			baseConfigurationReference = 8D614B0B05BDAA9859C5E883 /* Pods-term-project-1971144-sjchoi-term-project-1971144-sjchoiUITests.debug.xcconfig */;
			buildSettings = {
				ALWAYS_EMBED_SWIFT_STANDARD_LIBRARIES = YES;
				CODE_SIGN_STYLE = Automatic;
				CURRENT_PROJECT_VERSION = 1;
				GENERATE_INFOPLIST_FILE = YES;
				MARKETING_VERSION = 1.0;
				PRODUCT_BUNDLE_IDENTIFIER = "sjchoi.hansung.ac.kr.term-project-1971144-sjchoiUITests";
				PRODUCT_NAME = "$(TARGET_NAME)";
				SWIFT_EMIT_LOC_STRINGS = NO;
				SWIFT_VERSION = 5.0;
				TARGETED_DEVICE_FAMILY = "1,2";
				TEST_TARGET_NAME = "term-project-1971144-sjchoi";
			};
			name = Debug;
		};
		F5C6057E2832130B00A87286 /* Release */ = {
			isa = XCBuildConfiguration;
			baseConfigurationReference = 56FA5530FA33CF6F33F1587E /* Pods-term-project-1971144-sjchoi-term-project-1971144-sjchoiUITests.release.xcconfig */;
			buildSettings = {
				ALWAYS_EMBED_SWIFT_STANDARD_LIBRARIES = YES;
				CODE_SIGN_STYLE = Automatic;
				CURRENT_PROJECT_VERSION = 1;
				GENERATE_INFOPLIST_FILE = YES;
				MARKETING_VERSION = 1.0;
				PRODUCT_BUNDLE_IDENTIFIER = "sjchoi.hansung.ac.kr.term-project-1971144-sjchoiUITests";
				PRODUCT_NAME = "$(TARGET_NAME)";
				SWIFT_EMIT_LOC_STRINGS = NO;
				SWIFT_VERSION = 5.0;
				TARGETED_DEVICE_FAMILY = "1,2";
				TEST_TARGET_NAME = "term-project-1971144-sjchoi";
			};
			name = Release;
		};
/* End XCBuildConfiguration section */

/* Begin XCConfigurationList section */
		F5C605472832130700A87286 /* Build configuration list for PBXProject "term-project-1971144-sjchoi" */ = {
			isa = XCConfigurationList;
			buildConfigurations = (
				F5C605742832130B00A87286 /* Debug */,
				F5C605752832130B00A87286 /* Release */,
			);
			defaultConfigurationIsVisible = 0;
			defaultConfigurationName = Release;
		};
		F5C605762832130B00A87286 /* Build configuration list for PBXNativeTarget "term-project-1971144-sjchoi" */ = {
			isa = XCConfigurationList;
			buildConfigurations = (
				F5C605772832130B00A87286 /* Debug */,
				F5C605782832130B00A87286 /* Release */,
			);
			defaultConfigurationIsVisible = 0;
			defaultConfigurationName = Release;
		};
		F5C605792832130B00A87286 /* Build configuration list for PBXNativeTarget "term-project-1971144-sjchoiTests" */ = {
			isa = XCConfigurationList;
			buildConfigurations = (
				F5C6057A2832130B00A87286 /* Debug */,
				F5C6057B2832130B00A87286 /* Release */,
			);
			defaultConfigurationIsVisible = 0;
			defaultConfigurationName = Release;
		};
		F5C6057C2832130B00A87286 /* Build configuration list for PBXNativeTarget "term-project-1971144-sjchoiUITests" */ = {
			isa = XCConfigurationList;
			buildConfigurations = (
				F5C6057D2832130B00A87286 /* Debug */,
				F5C6057E2832130B00A87286 /* Release */,
			);
			defaultConfigurationIsVisible = 0;
			defaultConfigurationName = Release;
		};
/* End XCConfigurationList section */
	};
	rootObject = F5C605442832130700A87286 /* Project object */;
}
